PODS:
  - CocoaLumberjack (3.4.1):
    - CocoaLumberjack/Default (= 3.4.1)
    - CocoaLumberjack/Extensions (= 3.4.1)
  - CocoaLumberjack/Default (3.4.1)
  - CocoaLumberjack/Extensions (3.4.1):
    - CocoaLumberjack/Default
  - NIMSDK (5.0.1)
  - RealReachability (1.1.9):
    - RealReachability/Connection (= 1.1.9)
    - RealReachability/Ping (= 1.1.9)
  - RealReachability/Connection (1.1.9)
  - RealReachability/Ping (1.1.9)
  - SDWebImage (4.3.3):
    - SDWebImage/Core (= 4.3.3)
  - SDWebImage/Core (4.3.3)
  - SVProgressHUD (2.2.2)
  - Toast (4.0.0)

DEPENDENCIES:
  - CocoaLumberjack (~> 3.4.1)
  - NIMSDK (~> 5.0.1)
  - RealReachability (~> 1.1.9)
  - SDWebImage (~> 4.3.3)
  - SVProgressHUD (~> 2.2.2)
  - Toast (~> 4.0.0)

SPEC CHECKSUMS:
  CocoaLumberjack: 2e258a064cacc8eb9a2aca318e24d02a0a7fd56d
  NIMSDK: 5dd9182d3c3a2c50504db47465b7da4d1f556fd5
  RealReachability: a8c483900986a0f3305733961effbfbb00637a02
  SDWebImage: de4d90b5bff3571eae7bd16202b1f43135409fa5
  SVProgressHUD: 59b2d3dabacbd051576d21d32293ca7228dc18b0
  Toast: 91b396c56ee72a5790816f40d3a94dd357abc196

PODFILE CHECKSUM: 3fca8db28c345eb4cdc3f6fa520540c551b3db0d

COCOAPODS: 1.3.1
