PODS:
  - CocoaLumberjack (3.4.2):
    - CocoaLumberjack/Default (= 3.4.2)
    - CocoaLumberjack/Extensions (= 3.4.2)
  - CocoaLumberjack/Default (3.4.2)
  - CocoaLumberjack/Extensions (3.4.2):
    - CocoaLumberjack/Default
  - NIMSDK (6.6.0)
  - RealReachability (1.1.9):
    - RealReachability/Connection (= 1.1.9)
    - RealReachability/Ping (= 1.1.9)
  - RealReachability/Connection (1.1.9)
  - RealReachability/Ping (1.1.9)
  - SDWebImage (4.3.3):
    - SDWebImage/Core (= 4.3.3)
  - SDWebImage/Core (4.3.3)
  - SVProgressHUD (2.2.5)
  - Toast (4.0.0)

DEPENDENCIES:
  - CocoaLumberjack (~> 3.4.1)
  - NIMSDK (~> 6.6.0)
  - RealReachability (~> 1.1.9)
  - SDWebImage (~> 4.3.3)
  - SVProgressHUD (~> 2.2.2)
  - Toast (~> 4.0.0)

SPEC REPOS:
  https://github.com/cocoapods/specs.git:
    - CocoaLumberjack
    - NIMSDK
    - RealReachability
    - SDWebImage
    - SVProgressHUD
    - Toast

SPEC CHECKSUMS:
  CocoaLumberjack: db7cc9e464771f12054c22ff6947c5a58d43a0fd
  NIMSDK: f6d829b2e3c32772e22a6ca1266711d630a2c3da
  RealReachability: a8c483900986a0f3305733961effbfbb00637a02
  SDWebImage: de4d90b5bff3571eae7bd16202b1f43135409fa5
  SVProgressHUD: 1428aafac632c1f86f62aa4243ec12008d7a51d6
  Toast: 91b396c56ee72a5790816f40d3a94dd357abc196

PODFILE CHECKSUM: 7af711e404a6c01cf02d16e16d47b248125e32c1

COCOAPODS: 1.6.1
